{
  "name": "what-is-a-pwa",
  "version": "1.0.0",
  "lockfileVersion": 1,
  "requires": true,
  "dependencies": {
    "esprima": {
      "version": "2.7.3",
      "resolved": "https://registry.npmjs.org/esprima/-/esprima-2.7.3.tgz",
      "integrity": "sha1-luO3DVd59q1JzQMmc9HDEnZ7pYE="
    },
    "mustache": {
      "version": "2.3.0",
      "resolved": "https://registry.npmjs.org/mustache/-/mustache-2.3.0.tgz",
      "integrity": "sha1-QCj3d4sXcIpImTCm5SrDvKDaQdA="
    },
    "yaml-parser": {
      "version": "3.5.3",
      "resolved": "https://registry.npmjs.org/yaml-parser/-/yaml-parser-3.5.3.tgz",
      "integrity": "sha1-WeDDbNfa4rmaQEKLd9PHI2aT6qE=",
      "requires": {
        "esprima": "2.7.3"
      }
    }
  }
}
